
Microsoft Visual Studio Solution File, Format Version 12.00
# Visual Studio Version 17
VisualStudioVersion = 17.8.34330.188
MinimumVisualStudioVersion = 10.0.40219.1
Project("{FAE04EC0-301F-11D3-BF4B-00C04F79EFBC}") = "MongoDBConnection4.8", "..\MongoDBConnection4.8\MongoDBConnection4.8.csproj", "{742BCCBC-A34A-4BDD-AA19-984035E7CD9A}"
EndProject
Global
	GlobalSection(SolutionConfigurationPlatforms) = preSolution
		Debug|Any CPU = Debug|Any CPU
		Release|Any CPU = Release|Any CPU
	EndGlobalSection
	GlobalSection(ProjectConfigurationPlatforms) = postSolution
		{742BCCBC-A34A-4BDD-AA19-984035E7CD9A}.Debug|Any CPU.ActiveCfg = Debug|Any CPU
		{742BCCBC-A34A-4BDD-AA19-984035E7CD9A}.Debug|Any CPU.Build.0 = Debug|Any CPU
		{742BCCBC-A34A-4BDD-AA19-984035E7CD9A}.Release|Any CPU.ActiveCfg = Release|Any CPU
		{742BCCBC-A34A-4BDD-AA19-984035E7CD9A}.Release|Any CPU.Build.0 = Release|Any CPU
	EndGlobalSection
	GlobalSection(SolutionProperties) = preSolution
		HideSolutionNode = FALSE
	EndGlobalSection
	GlobalSection(ExtensibilityGlobals) = postSolution
		SolutionGuid = {C99688AD-A5C6-47FC-872F-C7CAB8C8561C}
	EndGlobalSection
EndGlobal
